
Microsoft Visual Studio Solution File, Format Version 12.00
# Visual Studio Version 17
VisualStudioVersion = 17.14.36616.10 d17.14
MinimumVisualStudioVersion = 10.0.40219.1
Project("{FAE04EC0-301F-11D3-BF4B-00C04F79EFBC}") = "MEDICENTER", "..\Medicenter\MEDICENTER.csproj", "{772A3233-0B4C-3A06-BBC4-4305885DE12E}"
EndProject
Global
	GlobalSection(SolutionConfigurationPlatforms) = preSolution
		Debug|Any CPU = Debug|Any CPU
		Release|Any CPU = Release|Any CPU
	EndGlobalSection
	GlobalSection(ProjectConfigurationPlatforms) = postSolution
		{772A3233-0B4C-3A06-BBC4-4305885DE12E}.Debug|Any CPU.ActiveCfg = Debug|Any CPU
		{772A3233-0B4C-3A06-BBC4-4305885DE12E}.Debug|Any CPU.Build.0 = Debug|Any CPU
		{772A3233-0B4C-3A06-BBC4-4305885DE12E}.Release|Any CPU.ActiveCfg = Release|Any CPU
		{772A3233-0B4C-3A06-BBC4-4305885DE12E}.Release|Any CPU.Build.0 = Release|Any CPU
	EndGlobalSection
	GlobalSection(SolutionProperties) = preSolution
		HideSolutionNode = FALSE
	EndGlobalSection
	GlobalSection(ExtensibilityGlobals) = postSolution
		SolutionGuid = {372E6978-00E9-46E7-8850-D469FA69CDE8}
	EndGlobalSection
EndGlobal
